PODS:
  - Firebase/CoreOnly (8.6.0):
    - FirebaseCore (= 8.6.0)
  - Firebase/Messaging (8.6.0):
    - Firebase/CoreOnly
    - FirebaseMessaging (~> 8.6.0)
  - firebase_core (1.6.0):
    - Firebase/CoreOnly (= 8.6.0)
    - Flutter
  - firebase_messaging (10.0.6):
    - Firebase/Messaging (= 8.6.0)
    - firebase_core
    - Flutter
  - FirebaseCore (8.6.0):
    - FirebaseCoreDiagnostics (~> 8.0)
    - GoogleUtilities/Environment (~> 7.4)
    - GoogleUtilities/Logger (~> 7.4)
  - FirebaseCoreDiagnostics (8.6.0):
    - GoogleDataTransport (~> 9.0)
    - GoogleUtilities/Environment (~> 7.4)
    - GoogleUtilities/Logger (~> 7.4)
    - nanopb (~> 2.30908.0)
  - FirebaseInstallations (8.6.0):
    - FirebaseCore (~> 8.0)
    - GoogleUtilities/Environment (~> 7.4)
    - GoogleUtilities/UserDefaults (~> 7.4)
    - PromisesObjC (< 3.0, >= 1.2)
  - FirebaseMessaging (8.6.0):
    - FirebaseCore (~> 8.0)
    - FirebaseInstallations (~> 8.0)
    - GoogleDataTransport (~> 9.0)
    - GoogleUtilities/AppDelegateSwizzler (~> 7.4)
    - GoogleUtilities/Environment (~> 7.4)
    - GoogleUtilities/Reachability (~> 7.4)
    - GoogleUtilities/UserDefaults (~> 7.4)
    - nanopb (~> 2.30908.0)
  - Flutter (1.0.0)
  - GoogleDataTransport (9.1.0):
    - GoogleUtilities/Environment (~> 7.2)
    - nanopb (~> 2.30908.0)
    - PromisesObjC (< 3.0, >= 1.2)
  - GoogleUtilities/AppDelegateSwizzler (7.5.1):
    - GoogleUtilities/Environment
    - GoogleUtilities/Logger
    - GoogleUtilities/Network
  - GoogleUtilities/Environment (7.5.1):
    - PromisesObjC (< 3.0, >= 1.2)
  - GoogleUtilities/Logger (7.5.1):
    - GoogleUtilities/Environment
  - GoogleUtilities/Network (7.5.1):
    - GoogleUtilities/Logger
    - "GoogleUtilities/NSData+zlib"
    - GoogleUtilities/Reachability
  - "GoogleUtilities/NSData+zlib (7.5.1)"
  - GoogleUtilities/Reachability (7.5.1):
    - GoogleUtilities/Logger
  - GoogleUtilities/UserDefaults (7.5.1):
    - GoogleUtilities/Logger
  - karte_core (1.1.0):
    - Flutter
    - KarteCore (~> 2.21)
  - karte_in_app_messaging (1.1.0):
    - Flutter
    - KarteInAppMessaging (~> 2)
  - karte_notification (1.2.0):
    - Flutter
    - KarteRemoteNotification (~> 2)
  - karte_variables (1.1.0):
    - Flutter
    - karte_core
    - KarteVariables (~> 2)
  - karte_visual_tracking (0.4.0):
    - Flutter
    - karte_core
    - KarteVisualTracking (~> 2)
  - KarteCore (2.21.0):
    - KarteUtilities (~> 3.3)
  - KarteInAppMessaging (2.13.0):
    - KarteCore (~> 2.3)
    - KarteUtilities (~> 3.0)
  - KarteRemoteNotification (2.8.0):
    - KarteCore (~> 2.0)
    - KarteUtilities (~> 3.0)
  - KarteUtilities (3.7.0):
    - KarteUtilities/standard (= 3.7.0)
  - KarteUtilities/standard (3.7.0)
  - KarteVariables (2.4.1):
    - KarteCore (~> 2.0)
    - KarteUtilities (~> 3.5)
  - KarteVisualTracking (2.9.0):
    - KarteCore (~> 2.0)
    - KarteUtilities (~> 3.1)
  - nanopb (2.30908.0):
    - nanopb/decode (= 2.30908.0)
    - nanopb/encode (= 2.30908.0)
  - nanopb/decode (2.30908.0)
  - nanopb/encode (2.30908.0)
  - PromisesObjC (2.0.0)

DEPENDENCIES:
  - firebase_core (from `.symlinks/plugins/firebase_core/ios`)
  - firebase_messaging (from `.symlinks/plugins/firebase_messaging/ios`)
  - Flutter (from `Flutter`)
  - karte_core (from `.symlinks/plugins/karte_core/ios`)
  - karte_in_app_messaging (from `.symlinks/plugins/karte_in_app_messaging/ios`)
  - karte_notification (from `.symlinks/plugins/karte_notification/ios`)
  - karte_variables (from `.symlinks/plugins/karte_variables/ios`)
  - karte_visual_tracking (from `.symlinks/plugins/karte_visual_tracking/ios`)

SPEC REPOS:
  trunk:
    - Firebase
    - FirebaseCore
    - FirebaseCoreDiagnostics
    - FirebaseInstallations
    - FirebaseMessaging
    - GoogleDataTransport
    - GoogleUtilities
    - KarteCore
    - KarteInAppMessaging
    - KarteRemoteNotification
    - KarteUtilities
    - KarteVariables
    - KarteVisualTracking
    - nanopb
    - PromisesObjC

EXTERNAL SOURCES:
  firebase_core:
    :path: ".symlinks/plugins/firebase_core/ios"
  firebase_messaging:
    :path: ".symlinks/plugins/firebase_messaging/ios"
  Flutter:
    :path: Flutter
  karte_core:
    :path: ".symlinks/plugins/karte_core/ios"
  karte_in_app_messaging:
    :path: ".symlinks/plugins/karte_in_app_messaging/ios"
  karte_notification:
    :path: ".symlinks/plugins/karte_notification/ios"
  karte_variables:
    :path: ".symlinks/plugins/karte_variables/ios"
  karte_visual_tracking:
    :path: ".symlinks/plugins/karte_visual_tracking/ios"

SPEC CHECKSUMS:
  Firebase: 21ac9f28b09a8bdfc005f34c984fca84e7e8786d
  firebase_core: c21ac09a8d23afd3594b56ed786bad12e5266bba
  firebase_messaging: 0da89f644566bce5822fa3a5d47c764c44f1cf1d
  FirebaseCore: 620b677f70f5470a8e59cb77f3ddc666f6f09785
  FirebaseCoreDiagnostics: 3721920bde3a9a6d5aa093c1d25e9d3e47f694af
  FirebaseInstallations: 0ede6ffcd215b8f93c19d9b06c1c54e2d4107e98
  FirebaseMessaging: ce0a5ee974f7bfe83b6cc5acce88c2d969e37c41
  Flutter: f04841e97a9d0b0a8025694d0796dd46242b2854
  GoogleDataTransport: 85fd18ff3019bb85d3f2c551d04c481dedf71fc9
  GoogleUtilities: 3df19e3c24f7bbc291d8b5809aa6b0d41e642437
  karte_core: 7ecc33a333b11e60acf72159c88a69f0fbf1d546
  karte_in_app_messaging: 8353237ade48caf916c9699337cbae245b573d98
  karte_notification: c23ae178299b7bc0889907dc0cf559bf61ae5c8e
  karte_variables: a23457e1b7c92a6305002b83951b8c605a493bca
  karte_visual_tracking: 79d347e16ceb29efb52f11b1e66bab9f6e651677
  KarteCore: d1a9579683d53f1489dfd90cf9612ea9a25c97a6
  KarteInAppMessaging: 5d5075358fcbce2ac05a3c11f8192af9c48986c2
  KarteRemoteNotification: 9837ed5b635a59dd009aaa2df042e25066cd9123
  KarteUtilities: 432cbe181f861314eecf37bd2bd236d2c9971721
  KarteVariables: 2390ed3840bcca6a233e7beeb0215e33246b7809
  KarteVisualTracking: 535c676d9447679cc20d6cc13fc0aef2d886083b
  nanopb: a0ba3315591a9ae0a16a309ee504766e90db0c96
  PromisesObjC: 68159ce6952d93e17b2dfe273b8c40907db5ba58

PODFILE CHECKSUM: fe0e1ee7f3d1f7d00b11b474b62dd62134535aea

COCOAPODS: 1.11.3
