PODS:
  - Flutter (1.0.0)
  - karte_core (1.1.0):
    - Flutter
    - KarteCore (~> 2)
  - karte_in_app_messaging (1.1.0):
    - Flutter
    - KarteInAppMessaging (~> 2)
  - KarteCore (2.21.0):
    - KarteUtilities (~> 3.3)
  - KarteInAppMessaging (2.13.0):
    - KarteCore (~> 2.3)
    - KarteUtilities (~> 3.0)
  - KarteUtilities (3.7.0):
    - KarteUtilities/standard (= 3.7.0)
  - KarteUtilities/standard (3.7.0)

DEPENDENCIES:
  - Flutter (from `Flutter`)
  - karte_core (from `.symlinks/plugins/karte_core/ios`)
  - karte_in_app_messaging (from `.symlinks/plugins/karte_in_app_messaging/ios`)

SPEC REPOS:
  trunk:
    - KarteCore
    - KarteInAppMessaging
    - KarteUtilities

EXTERNAL SOURCES:
  Flutter:
    :path: Flutter
  karte_core:
    :path: ".symlinks/plugins/karte_core/ios"
  karte_in_app_messaging:
    :path: ".symlinks/plugins/karte_in_app_messaging/ios"

SPEC CHECKSUMS:
  Flutter: f04841e97a9d0b0a8025694d0796dd46242b2854
  karte_core: eb8f8fb807f760e6c33359382e56510f5c19e549
  karte_in_app_messaging: 8353237ade48caf916c9699337cbae245b573d98
  KarteCore: d1a9579683d53f1489dfd90cf9612ea9a25c97a6
  KarteInAppMessaging: 5d5075358fcbce2ac05a3c11f8192af9c48986c2
  KarteUtilities: 432cbe181f861314eecf37bd2bd236d2c9971721

PODFILE CHECKSUM: 7368163408c647b7eb699d0d788ba6718e18fb8d

COCOAPODS: 1.11.3
