PODS:
  - Flutter (1.0.0)
  - karte_core (1.1.0):
    - Flutter
    - KarteCore (~> 2.21)
  - karte_visual_tracking (0.4.0):
    - Flutter
    - karte_core
    - KarteVisualTracking (~> 2)
  - KarteCore (2.21.0):
    - KarteUtilities (~> 3.3)
  - KarteUtilities (3.7.0):
    - KarteUtilities/standard (= 3.7.0)
  - KarteUtilities/standard (3.7.0)
  - KarteVisualTracking (2.9.0):
    - KarteCore (~> 2.0)
    - KarteUtilities (~> 3.1)

DEPENDENCIES:
  - Flutter (from `Flutter`)
  - karte_core (from `.symlinks/plugins/karte_core/ios`)
  - karte_visual_tracking (from `.symlinks/plugins/karte_visual_tracking/ios`)

SPEC REPOS:
  trunk:
    - KarteCore
    - KarteUtilities
    - KarteVisualTracking

EXTERNAL SOURCES:
  Flutter:
    :path: Flutter
  karte_core:
    :path: ".symlinks/plugins/karte_core/ios"
  karte_visual_tracking:
    :path: ".symlinks/plugins/karte_visual_tracking/ios"

SPEC CHECKSUMS:
  Flutter: f04841e97a9d0b0a8025694d0796dd46242b2854
  karte_core: 7ecc33a333b11e60acf72159c88a69f0fbf1d546
  karte_visual_tracking: 79d347e16ceb29efb52f11b1e66bab9f6e651677
  KarteCore: d1a9579683d53f1489dfd90cf9612ea9a25c97a6
  KarteUtilities: 432cbe181f861314eecf37bd2bd236d2c9971721
  KarteVisualTracking: 535c676d9447679cc20d6cc13fc0aef2d886083b

PODFILE CHECKSUM: ef19549a9bc3046e7bb7d2fab4d021637c0c58a3

COCOAPODS: 1.11.3
