PODS:
  - Flutter (1.0.0)
  - karte_core (1.1.0):
    - Flutter
    - KarteCore (~> 2)
  - KarteCore (2.21.0):
    - KarteUtilities (~> 3.3)
  - KarteUtilities (3.7.0):
    - KarteUtilities/standard (= 3.7.0)
  - KarteUtilities/standard (3.7.0)

DEPENDENCIES:
  - Flutter (from `Flutter`)
  - karte_core (from `.symlinks/plugins/karte_core/ios`)

SPEC REPOS:
  trunk:
    - KarteCore
    - KarteUtilities

EXTERNAL SOURCES:
  Flutter:
    :path: Flutter
  karte_core:
    :path: ".symlinks/plugins/karte_core/ios"

SPEC CHECKSUMS:
  Flutter: f04841e97a9d0b0a8025694d0796dd46242b2854
  karte_core: eb8f8fb807f760e6c33359382e56510f5c19e549
  KarteCore: d1a9579683d53f1489dfd90cf9612ea9a25c97a6
  KarteUtilities: 432cbe181f861314eecf37bd2bd236d2c9971721

PODFILE CHECKSUM: 7368163408c647b7eb699d0d788ba6718e18fb8d

COCOAPODS: 1.11.3
